github.com/spf13/pflag v1.0.3 h1:zPAT6CGy6wXeQ7NtTnaTerfKOsV6V6F8agHXFiazDkg=
github.com/spf13/pflag v1.0.3/go.mod h1:DYY7MBk1bdzusC3SYhjObp+wFpr4gzcvqqNjLnInEg4=
golang.org/x/xerrors v0.0.0-20190410155217-1f06c39b4373 h1:PPwnA7z1Pjf7XYaBP9GL1VAMZmcIWyFz7QCMSIIa3Bg=
golang.org/x/xerrors v0.0.0-20190410155217-1f06c39b4373/go.mod h1:I/5z698sn9Ka8TeJc9MKroUUfqBBauWjQqLJ2OPfmY0=
